# This file was autogenerated by Stack.
# You should not edit this file by hand.
# For more information, please see the documentation at:
#   https://docs.haskellstack.org/en/stable/lock_files

packages:
- completed:
    cabal-file:
      size: 2686
      sha256: 46854a72d592df309b2cb87c016576abd94cd779b679d4e3483109f64ba55c1e
    name: polynomial
    version: 0.7.3
    git: https://github.com/adjoint-io/polynomial.git
    pantry-tree:
      size: 2717
      sha256: 566dd390216e8943acb1a11d357bf69b30afa8c2e63cb12535be3e2428d105ec
    commit: 7478e09d90f5d256d1afca49eda166a199f54cac
  original:
    git: https://github.com/adjoint-io/polynomial.git
    commit: 7478e09d90f5d256d1afca49eda166a199f54cac
- completed:
    cabal-file:
      size: 3250
      sha256: 86103fce990972e80550d9f7175b4b40b3d7009df4697d8bf7b9c85fa7af44f4
    name: bulletproofs
    version: 0.4.0
    git: https://github.com/adjoint-io/bulletproofs.git
    pantry-tree:
      size: 2194
      sha256: 9ebf7f37ced85b2fdda0f1d2d9c814279932336142ed797a4ce18dfa82471767
    commit: 08069fa77ebf76bd5133b5c8a1b607d440acaa13
  original:
    git: https://github.com/adjoint-io/bulletproofs.git
    commit: 08069fa77ebf76bd5133b5c8a1b607d440acaa13
- completed:
    cabal-file:
      size: 2778
      sha256: 682bb555dccb99b8fba53c21ca6be0ffc85c790439ce959fd064531bc83165ea
    name: galois-field
    version: 0.1.0
    git: git@github.com:adjoint-io/galois-field.git
    pantry-tree:
      size: 1046
      sha256: ba78ea0554f34e7a2fb0a8cc12cdf19f017df0c39774f3e4cd434b36d5ff77a1
    commit: 30665fdc2af450e2d519c81bca91d85c63057b6d
  original:
    git: git@github.com:adjoint-io/galois-field.git
    commit: 30665fdc2af450e2d519c81bca91d85c63057b6d
- completed:
    cabal-file:
      size: 3999
      sha256: 397ba643b408042f93c20404e48889584e960d97677cd3415804244df084d94a
    name: pairing
    version: 0.3.1
    git: git@github.com:adjoint-io/pairing.git
    pantry-tree:
      size: 1572
      sha256: a1edefd99172e38a82fb5149f74abf35eaf8e40d77482028dc11a3af7ffc9aba
    commit: 9d2fa6c59dbd975d6bf1cf762b5d33b58ddbd612
  original:
    git: git@github.com:adjoint-io/pairing.git
    commit: 9d2fa6c59dbd975d6bf1cf762b5d33b58ddbd612
snapshots:
- completed:
    size: 498398
    url: https://raw.githubusercontent.com/commercialhaskell/stackage-snapshots/master/lts/13/23.yaml
    sha256: 63151ca76f39d5cfbd266ce019236459fdda53fbefd2200aedeb33bcc81f808e
  original: lts-13.23
