# This file was autogenerated by Stack.
# You should not edit this file by hand.
# For more information, please see the documentation at:
#   https://docs.haskellstack.org/en/stable/lock_files

packages:
- completed:
    hackage: bulletproofs-1.0.1@sha256:63ff6bbe84c45b8d5d2027c58f7e00ee30b38046a6672b21c721f7288dd8bb0e,3250
    pantry-tree:
      size: 1971
      sha256: 6777039924e7c569a80ab15bd6d5a54d586e839af88bc028ebec80e14633975e
  original:
    hackage: bulletproofs-1.0.1
- completed:
    hackage: galois-field-0.4.0@sha256:7f8aed0c11f6afc720685c2ede6bdbea3ce8dbd738dacd8fbf722168863d4dd1,3190
    pantry-tree:
      size: 1130
      sha256: e68a2fb1731fc4cdf5f0ae4dd718f8bd2e128eb6285be3d602a209e5430812ba
  original:
    hackage: galois-field-0.4.0
- completed:
    hackage: poly-0.3.1.0@sha256:3e015e84d304c4197a2cff4a78400ed619eb850922d566028edb6c7254f2095f,1875
    pantry-tree:
      size: 1466
      sha256: ee6b1de208cdd7a621e3138fe3507f4a97d26ce3c47fe20021c1de75d3fddf29
  original:
    hackage: poly-0.3.1.0
- completed:
    hackage: semirings-0.4.2@sha256:7803a3bd8add49c375da59d456b59e32ea02a88ac1a1d71132420e4c976333f3,3750
    pantry-tree:
      size: 555
      sha256: dcf5c467c4005b567d409c3fe74aa233a6a9313a3693716eeee9ddafbd953f87
  original:
    hackage: semirings-0.4.2
- completed:
    hackage: pairing-0.5.0@sha256:91bfb2d024a8c2634be59e4fe89d0d760c6bfb29610f9e80406b60428c9d716b,3832
    pantry-tree:
      size: 1165
      sha256: 7aa7d03a5e9916cb92905a643e2f36048e25f4792b307ef7075e44f9dd7ce54d
  original:
    hackage: pairing-0.5.0
- completed:
    hackage: elliptic-curve-0.2.2@sha256:f77334e9a9e857ddf231bbb7547ebb931d803558a5471614e1d2c6e2e90bc487,11928
    pantry-tree:
      size: 9071
      sha256: 70783c3c93699ce6da7ca3bd0df694942022f71823c89556b87e28fa087cff17
  original:
    hackage: elliptic-curve-0.2.2
- completed:
    cabal-file:
      size: 2686
      sha256: 46854a72d592df309b2cb87c016576abd94cd779b679d4e3483109f64ba55c1e
    name: polynomial
    version: 0.7.3
    git: https://github.com/adjoint-io/polynomial.git
    pantry-tree:
      size: 2717
      sha256: 566dd390216e8943acb1a11d357bf69b30afa8c2e63cb12535be3e2428d105ec
    commit: 7478e09d90f5d256d1afca49eda166a199f54cac
  original:
    git: https://github.com/adjoint-io/polynomial.git
    commit: 7478e09d90f5d256d1afca49eda166a199f54cac
snapshots:
- completed:
    size: 498398
    url: https://raw.githubusercontent.com/commercialhaskell/stackage-snapshots/master/lts/13/23.yaml
    sha256: 63151ca76f39d5cfbd266ce019236459fdda53fbefd2200aedeb33bcc81f808e
  original: lts-13.23
